
Microsoft Visual Studio Solution File, Format Version 12.00
# Visual Studio Version 17
VisualStudioVersion = 17.0.31903.59
MinimumVisualStudioVersion = 10.0.40219.1
Project("{2150E333-8FDC-42A3-9474-1A3956D46DE8}") = "src", "src", "{BBAE36A7-FA95-4B9E-8DB7-666238F9BD9F}"
EndProject
Project("{FAE04EC0-301F-11D3-BF4B-00C04F79EFBC}") = "NevaBridge.Chat", "src\NevaBridge.Chat\NevaBridge.Chat.csproj", "{923E536F-ED79-45F7-A5DC-8A775C2F14FC}"
EndProject
Project("{FAE04EC0-301F-11D3-BF4B-00C04F79EFBC}") = "NevaBridge.Wpf", "src\NevaBridge.Wpf\NevaBridge.Wpf.csproj", "{85CE41E5-72F6-45C2-B6E5-71204F83645D}"
EndProject
Project("{2150E333-8FDC-42A3-9474-1A3956D46DE8}") = "tests", "tests", "{2284BF07-7335-4ECC-A868-DEE51A957A12}"
EndProject
Project("{FAE04EC0-301F-11D3-BF4B-00C04F79EFBC}") = "NevaBridge.Chat.Tests", "tests\NevaBridge.Chat.Tests\NevaBridge.Chat.Tests.csproj", "{8A3B26D3-9291-4FC8-BDA8-37B33C5C89A9}"
EndProject
Global
	GlobalSection(SolutionConfigurationPlatforms) = preSolution
		Debug|Any CPU = Debug|Any CPU
		Release|Any CPU = Release|Any CPU
	EndGlobalSection
	GlobalSection(SolutionProperties) = preSolution
		HideSolutionNode = FALSE
	EndGlobalSection
	GlobalSection(ProjectConfigurationPlatforms) = postSolution
		{923E536F-ED79-45F7-A5DC-8A775C2F14FC}.Debug|Any CPU.ActiveCfg = Debug|Any CPU
		{923E536F-ED79-45F7-A5DC-8A775C2F14FC}.Debug|Any CPU.Build.0 = Debug|Any CPU
		{923E536F-ED79-45F7-A5DC-8A775C2F14FC}.Release|Any CPU.ActiveCfg = Release|Any CPU
		{923E536F-ED79-45F7-A5DC-8A775C2F14FC}.Release|Any CPU.Build.0 = Release|Any CPU
		{85CE41E5-72F6-45C2-B6E5-71204F83645D}.Debug|Any CPU.ActiveCfg = Debug|Any CPU
		{85CE41E5-72F6-45C2-B6E5-71204F83645D}.Debug|Any CPU.Build.0 = Debug|Any CPU
		{85CE41E5-72F6-45C2-B6E5-71204F83645D}.Release|Any CPU.ActiveCfg = Release|Any CPU
		{85CE41E5-72F6-45C2-B6E5-71204F83645D}.Release|Any CPU.Build.0 = Release|Any CPU
		{8A3B26D3-9291-4FC8-BDA8-37B33C5C89A9}.Debug|Any CPU.ActiveCfg = Debug|Any CPU
		{8A3B26D3-9291-4FC8-BDA8-37B33C5C89A9}.Debug|Any CPU.Build.0 = Debug|Any CPU
		{8A3B26D3-9291-4FC8-BDA8-37B33C5C89A9}.Release|Any CPU.ActiveCfg = Release|Any CPU
		{8A3B26D3-9291-4FC8-BDA8-37B33C5C89A9}.Release|Any CPU.Build.0 = Release|Any CPU
	EndGlobalSection
	GlobalSection(NestedProjects) = preSolution
		{923E536F-ED79-45F7-A5DC-8A775C2F14FC} = {BBAE36A7-FA95-4B9E-8DB7-666238F9BD9F}
		{85CE41E5-72F6-45C2-B6E5-71204F83645D} = {BBAE36A7-FA95-4B9E-8DB7-666238F9BD9F}
		{8A3B26D3-9291-4FC8-BDA8-37B33C5C89A9} = {2284BF07-7335-4ECC-A868-DEE51A957A12}
	EndGlobalSection
EndGlobal
